
Microsoft Visual Studio Solution File, Format Version 12.00
# Visual Studio Version 17
VisualStudioVersion = 17.12.35410.144
MinimumVisualStudioVersion = 10.0.40219.1
Project("{FAE04EC0-301F-11D3-BF4B-00C04F79EFBC}") = "SingleResponsibility", "Week1\Task1\SingleResponsibility\SingleResponsibility.csproj", "{AB50BCC9-F704-4CAC-AD70-713D063C6569}"
EndProject
Project("{FAE04EC0-301F-11D3-BF4B-00C04F79EFBC}") = "DependencyInversion", "Week1\Task1\DependencyInversion\DependencyInversion.csproj", "{BEBBA4A2-7CF3-49FB-9048-A0DED4D50689}"
EndProject
Project("{FAE04EC0-301F-11D3-BF4B-00C04F79EFBC}") = "Library.Web", "Week2\LibraryApp\Library.Web\Library.Web.csproj", "{1E0DEC27-AB6B-4FB0-81B8-429CD0F74334}"
EndProject
Project("{FAE04EC0-301F-11D3-BF4B-00C04F79EFBC}") = "Library.Application", "Week2\LibraryApp\Library.Application\Library.Application.csproj", "{C56473A2-BE62-43DA-8FA9-2EA083139BAE}"
EndProject
Project("{FAE04EC0-301F-11D3-BF4B-00C04F79EFBC}") = "Library.Infrastructure", "Week2\LibraryApp\Library.Infrastructure\Library.Infrastructure.csproj", "{3C22FFB8-C0A4-4F72-969C-9A9B1E355BA7}"
EndProject
Project("{FAE04EC0-301F-11D3-BF4B-00C04F79EFBC}") = "Library.Domain", "Week2\Library.Domain\Library.Domain\Library.Domain.csproj", "{E2927841-910D-48C0-A10E-CE10529C01F5}"
EndProject
Project("{2150E333-8FDC-42A3-9474-1A3956D46DE8}") = "FinalProject", "FinalProject", "{2A97D928-7BBD-4A86-8EEF-8C6A74C5B2C5}"
EndProject
Project("{2150E333-8FDC-42A3-9474-1A3956D46DE8}") = "Backend", "Backend", "{FD2BB757-0449-437D-BABC-0E287E866B3E}"
EndProject
Project("{FAE04EC0-301F-11D3-BF4B-00C04F79EFBC}") = "CourseApp.API", "FinalProject\Backend\CourseApp.API\CourseApp.API.csproj", "{92452F4F-1981-909D-D29B-0F121896F51D}"
EndProject
Project("{FAE04EC0-301F-11D3-BF4B-00C04F79EFBC}") = "CourseApp.Application", "FinalProject\Backend\CourseApp.Application\CourseApp.Application.csproj", "{684FB6B5-0FBC-2B17-198F-3020EE399F9B}"
EndProject
Project("{FAE04EC0-301F-11D3-BF4B-00C04F79EFBC}") = "CourseApp.Domain", "FinalProject\Backend\CourseApp.Domain\CourseApp.Domain.csproj", "{2D5D5C2E-C684-1B65-5BAF-56F1CCD9B045}"
EndProject
Project("{FAE04EC0-301F-11D3-BF4B-00C04F79EFBC}") = "CourseApp.Infrastructure", "FinalProject\Backend\CourseApp.Infrastructure\CourseApp.Infrastructure.csproj", "{B832C67C-C7E5-A664-1996-77D1082431B6}"
EndProject
Global
	GlobalSection(SolutionConfigurationPlatforms) = preSolution
		Debug|Any CPU = Debug|Any CPU
		Release|Any CPU = Release|Any CPU
	EndGlobalSection
	GlobalSection(ProjectConfigurationPlatforms) = postSolution
		{AB50BCC9-F704-4CAC-AD70-713D063C6569}.Debug|Any CPU.ActiveCfg = Debug|Any CPU
		{AB50BCC9-F704-4CAC-AD70-713D063C6569}.Debug|Any CPU.Build.0 = Debug|Any CPU
		{AB50BCC9-F704-4CAC-AD70-713D063C6569}.Release|Any CPU.ActiveCfg = Release|Any CPU
		{AB50BCC9-F704-4CAC-AD70-713D063C6569}.Release|Any CPU.Build.0 = Release|Any CPU
		{BEBBA4A2-7CF3-49FB-9048-A0DED4D50689}.Debug|Any CPU.ActiveCfg = Debug|Any CPU
		{BEBBA4A2-7CF3-49FB-9048-A0DED4D50689}.Debug|Any CPU.Build.0 = Debug|Any CPU
		{BEBBA4A2-7CF3-49FB-9048-A0DED4D50689}.Release|Any CPU.ActiveCfg = Release|Any CPU
		{BEBBA4A2-7CF3-49FB-9048-A0DED4D50689}.Release|Any CPU.Build.0 = Release|Any CPU
		{1E0DEC27-AB6B-4FB0-81B8-429CD0F74334}.Debug|Any CPU.ActiveCfg = Debug|Any CPU
		{1E0DEC27-AB6B-4FB0-81B8-429CD0F74334}.Debug|Any CPU.Build.0 = Debug|Any CPU
		{1E0DEC27-AB6B-4FB0-81B8-429CD0F74334}.Release|Any CPU.ActiveCfg = Release|Any CPU
		{1E0DEC27-AB6B-4FB0-81B8-429CD0F74334}.Release|Any CPU.Build.0 = Release|Any CPU
		{C56473A2-BE62-43DA-8FA9-2EA083139BAE}.Debug|Any CPU.ActiveCfg = Debug|Any CPU
		{C56473A2-BE62-43DA-8FA9-2EA083139BAE}.Release|Any CPU.ActiveCfg = Release|AnyCPU
		{C56473A2-BE62-43DA-8FA9-2EA083139BAE}.Release|Any CPU.Build.0 = Release|AnyCPU
		{3C22FFB8-C0A4-4F72-969C-9A9B1E355BA7}.Debug|Any CPU.ActiveCfg = Debug|Any CPU
		{3C22FFB8-C0A4-4F72-969C-9A9B1E355BA7}.Release|Any CPU.ActiveCfg = Release|AnyCPU
		{3C22FFB8-C0A4-4F72-969C-9A9B1E355BA7}.Release|Any CPU.Build.0 = Release|AnyCPU
		{E2927841-910D-48C0-A10E-CE10529C01F5}.Debug|Any CPU.ActiveCfg = Debug|Any CPU
		{E2927841-910D-48C0-A10E-CE10529C01F5}.Release|Any CPU.ActiveCfg = Release|AnyCPU
		{E2927841-910D-48C0-A10E-CE10529C01F5}.Release|Any CPU.Build.0 = Release|AnyCPU
		{92452F4F-1981-909D-D29B-0F121896F51D}.Debug|Any CPU.ActiveCfg = Debug|Any CPU
		{92452F4F-1981-909D-D29B-0F121896F51D}.Debug|Any CPU.Build.0 = Debug|Any CPU
		{92452F4F-1981-909D-D29B-0F121896F51D}.Release|Any CPU.ActiveCfg = Release|Any CPU
		{92452F4F-1981-909D-D29B-0F121896F51D}.Release|Any CPU.Build.0 = Release|Any CPU
		{684FB6B5-0FBC-2B17-198F-3020EE399F9B}.Debug|Any CPU.ActiveCfg = Debug|Any CPU
		{684FB6B5-0FBC-2B17-198F-3020EE399F9B}.Debug|Any CPU.Build.0 = Debug|Any CPU
		{684FB6B5-0FBC-2B17-198F-3020EE399F9B}.Release|Any CPU.ActiveCfg = Release|Any CPU
		{684FB6B5-0FBC-2B17-198F-3020EE399F9B}.Release|Any CPU.Build.0 = Release|Any CPU
		{2D5D5C2E-C684-1B65-5BAF-56F1CCD9B045}.Debug|Any CPU.ActiveCfg = Debug|Any CPU
		{2D5D5C2E-C684-1B65-5BAF-56F1CCD9B045}.Debug|Any CPU.Build.0 = Debug|Any CPU
		{2D5D5C2E-C684-1B65-5BAF-56F1CCD9B045}.Release|Any CPU.ActiveCfg = Release|Any CPU
		{2D5D5C2E-C684-1B65-5BAF-56F1CCD9B045}.Release|Any CPU.Build.0 = Release|Any CPU
		{B832C67C-C7E5-A664-1996-77D1082431B6}.Debug|Any CPU.ActiveCfg = Debug|Any CPU
		{B832C67C-C7E5-A664-1996-77D1082431B6}.Debug|Any CPU.Build.0 = Debug|Any CPU
		{B832C67C-C7E5-A664-1996-77D1082431B6}.Release|Any CPU.ActiveCfg = Release|Any CPU
		{B832C67C-C7E5-A664-1996-77D1082431B6}.Release|Any CPU.Build.0 = Release|Any CPU
	EndGlobalSection
	GlobalSection(SolutionProperties) = preSolution
		HideSolutionNode = FALSE
	EndGlobalSection
	GlobalSection(NestedProjects) = preSolution
		{AB50BCC9-F704-4CAC-AD70-713D063C6569} = {00000000-0000-0000-0000-000000000000}
		{BEBBA4A2-7CF3-49FB-9048-A0DED4D50689} = {00000000-0000-0000-0000-000000000000}
		{1E0DEC27-AB6B-4FB0-81B8-429CD0F74334} = {00000000-0000-0000-0000-000000000000}
		{C56473A2-BE62-43DA-8FA9-2EA083139BAE} = {00000000-0000-0000-0000-000000000000}
		{3C22FFB8-C0A4-4F72-969C-9A9B1E355BA7} = {00000000-0000-0000-0000-000000000000}
		{E2927841-910D-48C0-A10E-CE10529C01F5} = {00000000-0000-0000-0000-000000000000}
		{FD2BB757-0449-437D-BABC-0E287E866B3E} = {2A97D928-7BBD-4A86-8EEF-8C6A74C5B2C5}
		{92452F4F-1981-909D-D29B-0F121896F51D} = {FD2BB757-0449-437D-BABC-0E287E866B3E}
		{684FB6B5-0FBC-2B17-198F-3020EE399F9B} = {FD2BB757-0449-437D-BABC-0E287E866B3E}
		{2D5D5C2E-C684-1B65-5BAF-56F1CCD9B045} = {FD2BB757-0449-437D-BABC-0E287E866B3E}
		{B832C67C-C7E5-A664-1996-77D1082431B6} = {FD2BB757-0449-437D-BABC-0E287E866B3E}
	EndGlobalSection
	GlobalSection(ExtensibilityGlobals) = postSolution
		SolutionGuid = {FC9F7AEB-A283-4156-8A25-6CAD3B0B9DC7}
	EndGlobalSection
EndGlobal
