
Microsoft Visual Studio Solution File, Format Version 12.00
# Visual Studio Version 17
VisualStudioVersion = 17.12.35410.144
MinimumVisualStudioVersion = 10.0.40219.1
Project("{2150E333-8FDC-42A3-9474-1A3956D46DE8}") = "FinalProject", "FinalProject", "{2A97D928-7BBD-4A86-8EEF-8C6A74C5B2C5}"
EndProject
Project("{2150E333-8FDC-42A3-9474-1A3956D46DE8}") = "Backend", "Backend", "{FD2BB757-0449-437D-BABC-0E287E866B3E}"
EndProject
Project("{FAE04EC0-301F-11D3-BF4B-00C04F79EFBC}") = "CourseApp.API", "FinalProject\Backend\CourseApp.API\CourseApp.API.csproj", "{92452F4F-1981-909D-D29B-0F121896F51D}"
EndProject
Project("{FAE04EC0-301F-11D3-BF4B-00C04F79EFBC}") = "CourseApp.Application", "FinalProject\Backend\CourseApp.Application\CourseApp.Application.csproj", "{684FB6B5-0FBC-2B17-198F-3020EE399F9B}"
EndProject
Project("{FAE04EC0-301F-11D3-BF4B-00C04F79EFBC}") = "CourseApp.Domain", "FinalProject\Backend\CourseApp.Domain\CourseApp.Domain.csproj", "{2D5D5C2E-C684-1B65-5BAF-56F1CCD9B045}"
EndProject
Project("{FAE04EC0-301F-11D3-BF4B-00C04F79EFBC}") = "CourseApp.Infrastructure", "FinalProject\Backend\CourseApp.Infrastructure\CourseApp.Infrastructure.csproj", "{B832C67C-C7E5-A664-1996-77D1082431B6}"
EndProject
Global
	GlobalSection(SolutionConfigurationPlatforms) = preSolution
		Debug|Any CPU = Debug|Any CPU
		Release|Any CPU = Release|Any CPU
	EndGlobalSection
	GlobalSection(ProjectConfigurationPlatforms) = postSolution
		{92452F4F-1981-909D-D29B-0F121896F51D}.Debug|Any CPU.ActiveCfg = Debug|Any CPU
		{92452F4F-1981-909D-D29B-0F121896F51D}.Debug|Any CPU.Build.0 = Debug|Any CPU
		{92452F4F-1981-909D-D29B-0F121896F51D}.Release|Any CPU.ActiveCfg = Release|Any CPU
		{92452F4F-1981-909D-D29B-0F121896F51D}.Release|Any CPU.Build.0 = Release|Any CPU
		{684FB6B5-0FBC-2B17-198F-3020EE399F9B}.Debug|Any CPU.ActiveCfg = Debug|Any CPU
		{684FB6B5-0FBC-2B17-198F-3020EE399F9B}.Debug|Any CPU.Build.0 = Debug|Any CPU
		{684FB6B5-0FBC-2B17-198F-3020EE399F9B}.Release|Any CPU.ActiveCfg = Release|Any CPU
		{684FB6B5-0FBC-2B17-198F-3020EE399F9B}.Release|Any CPU.Build.0 = Release|Any CPU
		{2D5D5C2E-C684-1B65-5BAF-56F1CCD9B045}.Debug|Any CPU.ActiveCfg = Debug|Any CPU
		{2D5D5C2E-C684-1B65-5BAF-56F1CCD9B045}.Debug|Any CPU.Build.0 = Debug|Any CPU
		{2D5D5C2E-C684-1B65-5BAF-56F1CCD9B045}.Release|Any CPU.ActiveCfg = Release|Any CPU
		{2D5D5C2E-C684-1B65-5BAF-56F1CCD9B045}.Release|Any CPU.Build.0 = Release|Any CPU
		{B832C67C-C7E5-A664-1996-77D1082431B6}.Debug|Any CPU.ActiveCfg = Debug|Any CPU
		{B832C67C-C7E5-A664-1996-77D1082431B6}.Debug|Any CPU.Build.0 = Debug|Any CPU
		{B832C67C-C7E5-A664-1996-77D1082431B6}.Release|Any CPU.ActiveCfg = Release|Any CPU
		{B832C67C-C7E5-A664-1996-77D1082431B6}.Release|Any CPU.Build.0 = Release|Any CPU
	EndGlobalSection
	GlobalSection(SolutionProperties) = preSolution
		HideSolutionNode = FALSE
	EndGlobalSection
	GlobalSection(NestedProjects) = preSolution
		{FD2BB757-0449-437D-BABC-0E287E866B3E} = {2A97D928-7BBD-4A86-8EEF-8C6A74C5B2C5}
		{92452F4F-1981-909D-D29B-0F121896F51D} = {FD2BB757-0449-437D-BABC-0E287E866B3E}
		{684FB6B5-0FBC-2B17-198F-3020EE399F9B} = {FD2BB757-0449-437D-BABC-0E287E866B3E}
		{2D5D5C2E-C684-1B65-5BAF-56F1CCD9B045} = {FD2BB757-0449-437D-BABC-0E287E866B3E}
		{B832C67C-C7E5-A664-1996-77D1082431B6} = {FD2BB757-0449-437D-BABC-0E287E866B3E}
	EndGlobalSection
	GlobalSection(ExtensibilityGlobals) = postSolution
		SolutionGuid = {FC9F7AEB-A283-4156-8A25-6CAD3B0B9DC7}
	EndGlobalSection
EndGlobal
