
Microsoft Visual Studio Solution File, Format Version 12.00
# Visual Studio Version 17
VisualStudioVersion = 17.12.35410.144
MinimumVisualStudioVersion = 10.0.40219.1
Project("{2150E333-8FDC-42A3-9474-1A3956D46DE8}") = "Week1", "Week1", "{8D339462-A157-4566-8F40-E3D95A5B298C}"
EndProject
Project("{2150E333-8FDC-42A3-9474-1A3956D46DE8}") = "Task3", "Task3", "{DB1FE873-335D-4814-BDD3-115043FA6A4B}"
EndProject
Project("{2150E333-8FDC-42A3-9474-1A3956D46DE8}") = "LibraryManagementSystem", "LibraryManagementSystem", "{74F03B43-2AD2-457A-AF31-C277964AB831}"
EndProject
Project("{FAE04EC0-301F-11D3-BF4B-00C04F79EFBC}") = "Library.API", "Week1\Task3\LibraryManagementSystem\Library.API\Library.API.csproj", "{E80E2AF5-7956-4FAC-96BA-784C8F9DB3DC}"
EndProject
Project("{FAE04EC0-301F-11D3-BF4B-00C04F79EFBC}") = "Library.Domain", "Week1\Task3\LibraryManagementSystem\Library.Domain\Library.Domain.csproj", "{68A8DB61-29DC-4716-9DAE-398E3F3D9E7F}"
EndProject
Project("{FAE04EC0-301F-11D3-BF4B-00C04F79EFBC}") = "Library.Application", "Week1\Task3\LibraryManagementSystem\Library.Application\Library.Application.csproj", "{81648655-7660-40CB-9413-32983409182B}"
EndProject
Project("{FAE04EC0-301F-11D3-BF4B-00C04F79EFBC}") = "Library.Infrastructure", "Week1\Task3\LibraryManagementSystem\Library.Infrastructure\Library.Infrastructure.csproj", "{013A9D09-5129-40B1-BCC5-129F9E2AFEAB}"
EndProject
Project("{2150E333-8FDC-42A3-9474-1A3956D46DE8}") = "Task1", "Task1", "{BC608FED-5B9C-4164-BA43-20CA3D079A17}"
EndProject
Project("{2150E333-8FDC-42A3-9474-1A3956D46DE8}") = "Task2", "Task2", "{8D8CAE8E-3403-449E-8CDE-934124C989A7}"
EndProject
Project("{FAE04EC0-301F-11D3-BF4B-00C04F79EFBC}") = "Asynchronous", "Week1\Task2\Asynchronous\Asynchronous.csproj", "{C5579317-A554-4203-897C-88F68CBED6DC}"
EndProject
Project("{FAE04EC0-301F-11D3-BF4B-00C04F79EFBC}") = "SingleResponsibility", "Week1\Task1\SingleResponsibility\SingleResponsibility.csproj", "{AB50BCC9-F704-4CAC-AD70-713D063C6569}"
EndProject
Project("{FAE04EC0-301F-11D3-BF4B-00C04F79EFBC}") = "OpenClosed", "Week1\Task1\OpenClosed\OpenClosed.csproj", "{0B16337F-A7AC-4F7D-99A7-D8057C8931C9}"
EndProject
Project("{FAE04EC0-301F-11D3-BF4B-00C04F79EFBC}") = "LiskovSubstitution", "Week1\Task1\LiskovSubstitution\LiskovSubstitution.csproj", "{CCE6A774-8D2F-43BE-951B-0A814D8F6756}"
EndProject
Project("{FAE04EC0-301F-11D3-BF4B-00C04F79EFBC}") = "InterfaceSegregation", "Week1\Task1\InterfaceSegregation\InterfaceSegregation.csproj", "{7DC062B7-11B7-4C48-B645-FA7519F37D26}"
EndProject
Project("{FAE04EC0-301F-11D3-BF4B-00C04F79EFBC}") = "DependencyInversion", "Week1\Task1\DependencyInversion\DependencyInversion.csproj", "{BEBBA4A2-7CF3-49FB-9048-A0DED4D50689}"
EndProject
Global
	GlobalSection(SolutionConfigurationPlatforms) = preSolution
		Debug|Any CPU = Debug|Any CPU
		Release|Any CPU = Release|Any CPU
	EndGlobalSection
	GlobalSection(ProjectConfigurationPlatforms) = postSolution
		{E80E2AF5-7956-4FAC-96BA-784C8F9DB3DC}.Debug|Any CPU.ActiveCfg = Debug|Any CPU
		{E80E2AF5-7956-4FAC-96BA-784C8F9DB3DC}.Debug|Any CPU.Build.0 = Debug|Any CPU
		{E80E2AF5-7956-4FAC-96BA-784C8F9DB3DC}.Release|Any CPU.ActiveCfg = Release|Any CPU
		{E80E2AF5-7956-4FAC-96BA-784C8F9DB3DC}.Release|Any CPU.Build.0 = Release|Any CPU
		{68A8DB61-29DC-4716-9DAE-398E3F3D9E7F}.Debug|Any CPU.ActiveCfg = Debug|Any CPU
		{68A8DB61-29DC-4716-9DAE-398E3F3D9E7F}.Debug|Any CPU.Build.0 = Debug|Any CPU
		{68A8DB61-29DC-4716-9DAE-398E3F3D9E7F}.Release|Any CPU.ActiveCfg = Release|Any CPU
		{68A8DB61-29DC-4716-9DAE-398E3F3D9E7F}.Release|Any CPU.Build.0 = Release|Any CPU
		{81648655-7660-40CB-9413-32983409182B}.Debug|Any CPU.ActiveCfg = Debug|Any CPU
		{81648655-7660-40CB-9413-32983409182B}.Debug|Any CPU.Build.0 = Debug|Any CPU
		{81648655-7660-40CB-9413-32983409182B}.Release|Any CPU.ActiveCfg = Release|Any CPU
		{81648655-7660-40CB-9413-32983409182B}.Release|Any CPU.Build.0 = Release|Any CPU
		{013A9D09-5129-40B1-BCC5-129F9E2AFEAB}.Debug|Any CPU.ActiveCfg = Debug|Any CPU
		{013A9D09-5129-40B1-BCC5-129F9E2AFEAB}.Debug|Any CPU.Build.0 = Debug|Any CPU
		{013A9D09-5129-40B1-BCC5-129F9E2AFEAB}.Release|Any CPU.ActiveCfg = Release|Any CPU
		{013A9D09-5129-40B1-BCC5-129F9E2AFEAB}.Release|Any CPU.Build.0 = Release|Any CPU
		{C5579317-A554-4203-897C-88F68CBED6DC}.Debug|Any CPU.ActiveCfg = Debug|Any CPU
		{C5579317-A554-4203-897C-88F68CBED6DC}.Debug|Any CPU.Build.0 = Debug|Any CPU
		{C5579317-A554-4203-897C-88F68CBED6DC}.Release|Any CPU.ActiveCfg = Release|Any CPU
		{C5579317-A554-4203-897C-88F68CBED6DC}.Release|Any CPU.Build.0 = Release|Any CPU
		{AB50BCC9-F704-4CAC-AD70-713D063C6569}.Debug|Any CPU.ActiveCfg = Debug|Any CPU
		{AB50BCC9-F704-4CAC-AD70-713D063C6569}.Debug|Any CPU.Build.0 = Debug|Any CPU
		{AB50BCC9-F704-4CAC-AD70-713D063C6569}.Release|Any CPU.ActiveCfg = Release|Any CPU
		{AB50BCC9-F704-4CAC-AD70-713D063C6569}.Release|Any CPU.Build.0 = Release|Any CPU
		{0B16337F-A7AC-4F7D-99A7-D8057C8931C9}.Debug|Any CPU.ActiveCfg = Debug|Any CPU
		{0B16337F-A7AC-4F7D-99A7-D8057C8931C9}.Debug|Any CPU.Build.0 = Debug|Any CPU
		{0B16337F-A7AC-4F7D-99A7-D8057C8931C9}.Release|Any CPU.ActiveCfg = Release|Any CPU
		{0B16337F-A7AC-4F7D-99A7-D8057C8931C9}.Release|Any CPU.Build.0 = Release|Any CPU
		{CCE6A774-8D2F-43BE-951B-0A814D8F6756}.Debug|Any CPU.ActiveCfg = Debug|Any CPU
		{CCE6A774-8D2F-43BE-951B-0A814D8F6756}.Debug|Any CPU.Build.0 = Debug|Any CPU
		{CCE6A774-8D2F-43BE-951B-0A814D8F6756}.Release|Any CPU.ActiveCfg = Release|Any CPU
		{CCE6A774-8D2F-43BE-951B-0A814D8F6756}.Release|Any CPU.Build.0 = Release|Any CPU
		{7DC062B7-11B7-4C48-B645-FA7519F37D26}.Debug|Any CPU.ActiveCfg = Debug|Any CPU
		{7DC062B7-11B7-4C48-B645-FA7519F37D26}.Debug|Any CPU.Build.0 = Debug|Any CPU
		{7DC062B7-11B7-4C48-B645-FA7519F37D26}.Release|Any CPU.ActiveCfg = Release|Any CPU
		{7DC062B7-11B7-4C48-B645-FA7519F37D26}.Release|Any CPU.Build.0 = Release|Any CPU
		{BEBBA4A2-7CF3-49FB-9048-A0DED4D50689}.Debug|Any CPU.ActiveCfg = Debug|Any CPU
		{BEBBA4A2-7CF3-49FB-9048-A0DED4D50689}.Debug|Any CPU.Build.0 = Debug|Any CPU
		{BEBBA4A2-7CF3-49FB-9048-A0DED4D50689}.Release|Any CPU.ActiveCfg = Release|Any CPU
		{BEBBA4A2-7CF3-49FB-9048-A0DED4D50689}.Release|Any CPU.Build.0 = Release|Any CPU
	EndGlobalSection
	GlobalSection(SolutionProperties) = preSolution
		HideSolutionNode = FALSE
	EndGlobalSection
	GlobalSection(NestedProjects) = preSolution
		{DB1FE873-335D-4814-BDD3-115043FA6A4B} = {8D339462-A157-4566-8F40-E3D95A5B298C}
		{74F03B43-2AD2-457A-AF31-C277964AB831} = {DB1FE873-335D-4814-BDD3-115043FA6A4B}
		{E80E2AF5-7956-4FAC-96BA-784C8F9DB3DC} = {74F03B43-2AD2-457A-AF31-C277964AB831}
		{68A8DB61-29DC-4716-9DAE-398E3F3D9E7F} = {74F03B43-2AD2-457A-AF31-C277964AB831}
		{81648655-7660-40CB-9413-32983409182B} = {74F03B43-2AD2-457A-AF31-C277964AB831}
		{013A9D09-5129-40B1-BCC5-129F9E2AFEAB} = {74F03B43-2AD2-457A-AF31-C277964AB831}
		{BC608FED-5B9C-4164-BA43-20CA3D079A17} = {8D339462-A157-4566-8F40-E3D95A5B298C}
		{8D8CAE8E-3403-449E-8CDE-934124C989A7} = {8D339462-A157-4566-8F40-E3D95A5B298C}
		{C5579317-A554-4203-897C-88F68CBED6DC} = {8D8CAE8E-3403-449E-8CDE-934124C989A7}
		{AB50BCC9-F704-4CAC-AD70-713D063C6569} = {BC608FED-5B9C-4164-BA43-20CA3D079A17}
		{0B16337F-A7AC-4F7D-99A7-D8057C8931C9} = {BC608FED-5B9C-4164-BA43-20CA3D079A17}
		{CCE6A774-8D2F-43BE-951B-0A814D8F6756} = {BC608FED-5B9C-4164-BA43-20CA3D079A17}
		{7DC062B7-11B7-4C48-B645-FA7519F37D26} = {BC608FED-5B9C-4164-BA43-20CA3D079A17}
		{BEBBA4A2-7CF3-49FB-9048-A0DED4D50689} = {BC608FED-5B9C-4164-BA43-20CA3D079A17}
	EndGlobalSection
	GlobalSection(ExtensibilityGlobals) = postSolution
		SolutionGuid = {FC9F7AEB-A283-4156-8A25-6CAD3B0B9DC7}
	EndGlobalSection
EndGlobal
